
Microsoft Visual Studio Solution File, Format Version 12.00
# Visual Studio Version 16
VisualStudioVersion = 16.0.30320.27
MinimumVisualStudioVersion = 10.0.40219.1
Project("{FAE04EC0-301F-11D3-BF4B-00C04F79EFBC}") = "try", "try.csproj", "{2C6F8B1D-E3C5-4028-9B2F-B5745D6309A9}"
EndProject
Global
	GlobalSection(SolutionConfigurationPlatforms) = preSolution
		Debug|Any CPU = Debug|Any CPU
		Release|Any CPU = Release|Any CPU
	EndGlobalSection
	GlobalSection(ProjectConfigurationPlatforms) = postSolution
		{2C6F8B1D-E3C5-4028-9B2F-B5745D6309A9}.Debug|Any CPU.ActiveCfg = Debug|Any CPU
		{2C6F8B1D-E3C5-4028-9B2F-B5745D6309A9}.Debug|Any CPU.Build.0 = Debug|Any CPU
		{2C6F8B1D-E3C5-4028-9B2F-B5745D6309A9}.Release|Any CPU.ActiveCfg = Release|Any CPU
		{2C6F8B1D-E3C5-4028-9B2F-B5745D6309A9}.Release|Any CPU.Build.0 = Release|Any CPU
	EndGlobalSection
	GlobalSection(SolutionProperties) = preSolution
		HideSolutionNode = FALSE
	EndGlobalSection
	GlobalSection(ExtensibilityGlobals) = postSolution
		SolutionGuid = {ABD429CB-6630-4F55-9A62-9150F074F843}
	EndGlobalSection
EndGlobal
